
Microsoft Visual Studio Solution File, Format Version 12.00
# Visual Studio 2012
Project("{FAE04EC0-301F-11D3-BF4B-00C04F79EFBC}") = "Login form", "Login form\Login form.csproj", "{658B61EE-5CB2-4D59-ABFA-9ADA5AC0428E}"
EndProject
Global
	GlobalSection(SolutionConfigurationPlatforms) = preSolution
		Debug|Any CPU = Debug|Any CPU
		Release|Any CPU = Release|Any CPU
	EndGlobalSection
	GlobalSection(ProjectConfigurationPlatforms) = postSolution
		{658B61EE-5CB2-4D59-ABFA-9ADA5AC0428E}.Debug|Any CPU.ActiveCfg = Debug|Any CPU
		{658B61EE-5CB2-4D59-ABFA-9ADA5AC0428E}.Debug|Any CPU.Build.0 = Debug|Any CPU
		{658B61EE-5CB2-4D59-ABFA-9ADA5AC0428E}.Release|Any CPU.ActiveCfg = Release|Any CPU
		{658B61EE-5CB2-4D59-ABFA-9ADA5AC0428E}.Release|Any CPU.Build.0 = Release|Any CPU
	EndGlobalSection
	GlobalSection(SolutionProperties) = preSolution
		HideSolutionNode = FALSE
	EndGlobalSection
EndGlobal
